<Solution>
  <Project Path="SelectionStatment-Ovning2/SelectionStatment-Ovning2.csproj" />
  <Project Path="SelectionStatments-Ovning1/SelectionStatments-Ovning1.csproj" />
  <Project Path="SelectionStatments-Ovning3/SelectionStatments-Ovning3.csproj" />
  <Project Path="SelectionStatments-Ovning4/SelectionStatments-Ovning4.csproj" />
</Solution>
