<Solution>
  <Project Path="IterationStatments-Ovning5/IterationStatments-Ovning5.csproj" />
  <Project Path="IterationStatments-Ovning6/IterationStatments-Ovning6.csproj" Id="6923ef8a-89b7-42c2-a7e1-b158dd0e0431" />
  <Project Path="IterationStatments-Ovning7/IterationStatments-Ovning7.csproj" Id="d6488866-4128-4a0d-af00-ff29cdff8185" />
</Solution>
